
Microsoft Visual Studio Solution File, Format Version 12.00
# Visual Studio Version 17
VisualStudioVersion = 17.1.32407.343
MinimumVisualStudioVersion = 10.0.40219.1
Project("{9A19103F-16F7-4668-BE54-9A1E7A4F7556}") = "Amazon", "Amazon\Amazon.csproj", "{5A0B3C56-C70E-44B2-9C3F-4789F8B6823B}"
EndProject
Project("{2150E333-8FDC-42A3-9474-1A3956D46DE8}") = "Solution Items", "Solution Items", "{77717E7B-ED01-4496-97DE-454F60FAED9A}"
	ProjectSection(SolutionItems) = preProject
		.editorconfig = .editorconfig
	EndProjectSection
EndProject
Global
	GlobalSection(SolutionConfigurationPlatforms) = preSolution
		Debug|Any CPU = Debug|Any CPU
		Release|Any CPU = Release|Any CPU
	EndGlobalSection
	GlobalSection(ProjectConfigurationPlatforms) = postSolution
		{5A0B3C56-C70E-44B2-9C3F-4789F8B6823B}.Debug|Any CPU.ActiveCfg = Debug|Any CPU
		{5A0B3C56-C70E-44B2-9C3F-4789F8B6823B}.Debug|Any CPU.Build.0 = Debug|Any CPU
		{5A0B3C56-C70E-44B2-9C3F-4789F8B6823B}.Release|Any CPU.ActiveCfg = Release|Any CPU
		{5A0B3C56-C70E-44B2-9C3F-4789F8B6823B}.Release|Any CPU.Build.0 = Release|Any CPU
	EndGlobalSection
	GlobalSection(SolutionProperties) = preSolution
		HideSolutionNode = FALSE
	EndGlobalSection
	GlobalSection(ExtensibilityGlobals) = postSolution
		SolutionGuid = {3AF3922A-5B46-4218-97AF-EDAD933E2F1F}
	EndGlobalSection
EndGlobal
